
Microsoft Visual Studio Solution File, Format Version 12.00
# Visual Studio 14
VisualStudioVersion = 14.0.23107.0
MinimumVisualStudioVersion = 10.0.40219.1
Project("{FAE04EC0-301F-11D3-BF4B-00C04F79EFBC}") = "ImportCVM", "ImportCVM\ImportCVM.csproj", "{67DDECF0-757B-4E38-9740-550513B66075}"
EndProject
Global
	GlobalSection(SolutionConfigurationPlatforms) = preSolution
		Debug|Any CPU = Debug|Any CPU
		Release|Any CPU = Release|Any CPU
	EndGlobalSection
	GlobalSection(ProjectConfigurationPlatforms) = postSolution
		{67DDECF0-757B-4E38-9740-550513B66075}.Debug|Any CPU.ActiveCfg = Debug|Any CPU
		{67DDECF0-757B-4E38-9740-550513B66075}.Debug|Any CPU.Build.0 = Debug|Any CPU
		{67DDECF0-757B-4E38-9740-550513B66075}.Release|Any CPU.ActiveCfg = Release|Any CPU
		{67DDECF0-757B-4E38-9740-550513B66075}.Release|Any CPU.Build.0 = Release|Any CPU
	EndGlobalSection
	GlobalSection(SolutionProperties) = preSolution
		HideSolutionNode = FALSE
	EndGlobalSection
EndGlobal
