
Microsoft Visual Studio Solution File, Format Version 9.00
# Visual Studio 2005
Project("{FAE04EC0-301F-11D3-BF4B-00C04F79EFBC}") = "CVMDownload", "CVMDownload\CVMDownload.csproj", "{CFC5B814-EBAF-4875-B455-6DB3D9470E13}"
	ProjectSection(WebsiteProperties) = preProject
		Debug.AspNetCompiler.Debug = "True"
		Release.AspNetCompiler.Debug = "False"
	EndProjectSection
EndProject
Global
	GlobalSection(SolutionConfigurationPlatforms) = preSolution
		Debug|Any CPU = Debug|Any CPU
		Release|Any CPU = Release|Any CPU
	EndGlobalSection
	GlobalSection(ProjectConfigurationPlatforms) = postSolution
		{CFC5B814-EBAF-4875-B455-6DB3D9470E13}.Debug|Any CPU.ActiveCfg = Debug|Any CPU
		{CFC5B814-EBAF-4875-B455-6DB3D9470E13}.Debug|Any CPU.Build.0 = Debug|Any CPU
		{CFC5B814-EBAF-4875-B455-6DB3D9470E13}.Release|Any CPU.ActiveCfg = Release|Any CPU
		{CFC5B814-EBAF-4875-B455-6DB3D9470E13}.Release|Any CPU.Build.0 = Release|Any CPU
	EndGlobalSection
	GlobalSection(SolutionProperties) = preSolution
		HideSolutionNode = FALSE
	EndGlobalSection
EndGlobal
