
Microsoft Visual Studio Solution File, Format Version 11.00
# Visual Studio 2010
Project("{FAE04EC0-301F-11D3-BF4B-00C04F79EFBC}") = "FeedXMLIcap", "FeedXMLIcap\FeedXMLIcap.csproj", "{4291227F-15FD-4FA4-9F80-E308E6772F3B}"
EndProject
Global
	GlobalSection(SolutionConfigurationPlatforms) = preSolution
		Debug|x86 = Debug|x86
		Release|x86 = Release|x86
	EndGlobalSection
	GlobalSection(ProjectConfigurationPlatforms) = postSolution
		{4291227F-15FD-4FA4-9F80-E308E6772F3B}.Debug|x86.ActiveCfg = Debug|x86
		{4291227F-15FD-4FA4-9F80-E308E6772F3B}.Debug|x86.Build.0 = Debug|x86
		{4291227F-15FD-4FA4-9F80-E308E6772F3B}.Release|x86.ActiveCfg = Release|x86
		{4291227F-15FD-4FA4-9F80-E308E6772F3B}.Release|x86.Build.0 = Release|x86
	EndGlobalSection
	GlobalSection(SolutionProperties) = preSolution
		HideSolutionNode = FALSE
	EndGlobalSection
EndGlobal
