
Microsoft Visual Studio Solution File, Format Version 11.00
# Visual Studio 2010
Project("{FAE04EC0-301F-11D3-BF4B-00C04F79EFBC}") = "Feed_Bloomberg", "Feed_Bloomberg\Feed_Bloomberg.csproj", "{7CCA8D5A-77B1-48C1-8462-AFFF4D9B2E28}"
EndProject
Global
	GlobalSection(SolutionConfigurationPlatforms) = preSolution
		Debug|Any CPU = Debug|Any CPU
		Release|Any CPU = Release|Any CPU
	EndGlobalSection
	GlobalSection(ProjectConfigurationPlatforms) = postSolution
		{7CCA8D5A-77B1-48C1-8462-AFFF4D9B2E28}.Debug|Any CPU.ActiveCfg = Debug|Any CPU
		{7CCA8D5A-77B1-48C1-8462-AFFF4D9B2E28}.Debug|Any CPU.Build.0 = Debug|Any CPU
		{7CCA8D5A-77B1-48C1-8462-AFFF4D9B2E28}.Release|Any CPU.ActiveCfg = Release|Any CPU
		{7CCA8D5A-77B1-48C1-8462-AFFF4D9B2E28}.Release|Any CPU.Build.0 = Release|Any CPU
	EndGlobalSection
	GlobalSection(SolutionProperties) = preSolution
		HideSolutionNode = FALSE
	EndGlobalSection
EndGlobal
