
Microsoft Visual Studio Solution File, Format Version 9.00
# Visual Studio 2005
Project("{FAE04EC0-301F-11D3-BF4B-00C04F79EFBC}") = "NestSimViewer", "NestSimViewer\NestSimViewer.csproj", "{57149091-4B0F-4350-913D-A981B696C6DA}"
EndProject
Global
	GlobalSection(SolutionConfigurationPlatforms) = preSolution
		Debug|Any CPU = Debug|Any CPU
		Release|Any CPU = Release|Any CPU
	EndGlobalSection
	GlobalSection(ProjectConfigurationPlatforms) = postSolution
		{57149091-4B0F-4350-913D-A981B696C6DA}.Debug|Any CPU.ActiveCfg = Debug|Any CPU
		{57149091-4B0F-4350-913D-A981B696C6DA}.Debug|Any CPU.Build.0 = Debug|Any CPU
		{57149091-4B0F-4350-913D-A981B696C6DA}.Release|Any CPU.ActiveCfg = Release|Any CPU
		{57149091-4B0F-4350-913D-A981B696C6DA}.Release|Any CPU.Build.0 = Release|Any CPU
	EndGlobalSection
	GlobalSection(SolutionProperties) = preSolution
		HideSolutionNode = FALSE
	EndGlobalSection
EndGlobal
