
Microsoft Visual Studio Solution File, Format Version 11.00
# Visual Studio 2010
Project("{8BC9CEB8-8B4A-11D0-8D11-00A0C91BC942}") = "CQF1", "CQF1\CQF1.vcxproj", "{BD546C75-2E88-4640-8BA9-8C4F8E5F405F}"
EndProject
Global
	GlobalSection(SolutionConfigurationPlatforms) = preSolution
		Debug|Win32 = Debug|Win32
		Release|Win32 = Release|Win32
	EndGlobalSection
	GlobalSection(ProjectConfigurationPlatforms) = postSolution
		{BD546C75-2E88-4640-8BA9-8C4F8E5F405F}.Debug|Win32.ActiveCfg = Debug|Win32
		{BD546C75-2E88-4640-8BA9-8C4F8E5F405F}.Debug|Win32.Build.0 = Debug|Win32
		{BD546C75-2E88-4640-8BA9-8C4F8E5F405F}.Release|Win32.ActiveCfg = Release|Win32
		{BD546C75-2E88-4640-8BA9-8C4F8E5F405F}.Release|Win32.Build.0 = Release|Win32
	EndGlobalSection
	GlobalSection(SolutionProperties) = preSolution
		HideSolutionNode = FALSE
	EndGlobalSection
EndGlobal
