
Microsoft Visual Studio Solution File, Format Version 11.00
# Visual Studio 2010
Project("{FAE04EC0-301F-11D3-BF4B-00C04F79EFBC}") = "WindowsFormsApplication1", "WindowsFormsApplication1\WindowsFormsApplication1.csproj", "{F6F39170-2100-499B-B8D3-35A9481E939F}"
EndProject
Global
	GlobalSection(SolutionConfigurationPlatforms) = preSolution
		Debug|x86 = Debug|x86
		Release|x86 = Release|x86
	EndGlobalSection
	GlobalSection(ProjectConfigurationPlatforms) = postSolution
		{F6F39170-2100-499B-B8D3-35A9481E939F}.Debug|x86.ActiveCfg = Debug|x86
		{F6F39170-2100-499B-B8D3-35A9481E939F}.Debug|x86.Build.0 = Debug|x86
		{F6F39170-2100-499B-B8D3-35A9481E939F}.Release|x86.ActiveCfg = Release|x86
		{F6F39170-2100-499B-B8D3-35A9481E939F}.Release|x86.Build.0 = Release|x86
	EndGlobalSection
	GlobalSection(SolutionProperties) = preSolution
		HideSolutionNode = FALSE
	EndGlobalSection
EndGlobal
