
Microsoft Visual Studio Solution File, Format Version 11.00
# Visual Studio 2010
Project("{FAE04EC0-301F-11D3-BF4B-00C04F79EFBC}") = "RTICKReaderIND", "RTICKReaderIND\RTICKReaderIND.csproj", "{66122E34-A19D-4CBD-9819-EE999D695317}"
EndProject
Global
	GlobalSection(SolutionConfigurationPlatforms) = preSolution
		Debug|x86 = Debug|x86
		Release|x86 = Release|x86
	EndGlobalSection
	GlobalSection(ProjectConfigurationPlatforms) = postSolution
		{66122E34-A19D-4CBD-9819-EE999D695317}.Debug|x86.ActiveCfg = Debug|x86
		{66122E34-A19D-4CBD-9819-EE999D695317}.Debug|x86.Build.0 = Debug|x86
		{66122E34-A19D-4CBD-9819-EE999D695317}.Release|x86.ActiveCfg = Release|x86
		{66122E34-A19D-4CBD-9819-EE999D695317}.Release|x86.Build.0 = Release|x86
	EndGlobalSection
	GlobalSection(SolutionProperties) = preSolution
		HideSolutionNode = FALSE
	EndGlobalSection
EndGlobal
